
Microsoft Visual Studio Solution File, Format Version 10.00
# Visual C++ Express 2008
Project("{8BC9CEB8-8B4A-11D0-8D11-00A0C91BC942}") = "022014Adding_SubtractingCalculator", "022014Adding_SubtractingCalculator\022014Adding_SubtractingCalculator.vcproj", "{BC999E03-156C-47F7-8766-A4D9B80C0BCE}"
EndProject
Global
	GlobalSection(SolutionConfigurationPlatforms) = preSolution
		Debug|Win32 = Debug|Win32
		Release|Win32 = Release|Win32
	EndGlobalSection
	GlobalSection(ProjectConfigurationPlatforms) = postSolution
		{BC999E03-156C-47F7-8766-A4D9B80C0BCE}.Debug|Win32.ActiveCfg = Debug|Win32
		{BC999E03-156C-47F7-8766-A4D9B80C0BCE}.Debug|Win32.Build.0 = Debug|Win32
		{BC999E03-156C-47F7-8766-A4D9B80C0BCE}.Release|Win32.ActiveCfg = Release|Win32
		{BC999E03-156C-47F7-8766-A4D9B80C0BCE}.Release|Win32.Build.0 = Release|Win32
	EndGlobalSection
	GlobalSection(SolutionProperties) = preSolution
		HideSolutionNode = FALSE
	EndGlobalSection
EndGlobal
