
Microsoft Visual Studio Solution File, Format Version 10.00
# Visual C++ Express 2008
Project("{8BC9CEB8-8B4A-11D0-8D11-00A0C91BC942}") = "042414MaxandMinElements", "042414MaxandMinElements\042414MaxandMinElements.vcproj", "{879BB663-88AD-4C4A-9165-364B7906F890}"
EndProject
Global
	GlobalSection(SolutionConfigurationPlatforms) = preSolution
		Debug|Win32 = Debug|Win32
		Release|Win32 = Release|Win32
	EndGlobalSection
	GlobalSection(ProjectConfigurationPlatforms) = postSolution
		{879BB663-88AD-4C4A-9165-364B7906F890}.Debug|Win32.ActiveCfg = Debug|Win32
		{879BB663-88AD-4C4A-9165-364B7906F890}.Debug|Win32.Build.0 = Debug|Win32
		{879BB663-88AD-4C4A-9165-364B7906F890}.Release|Win32.ActiveCfg = Release|Win32
		{879BB663-88AD-4C4A-9165-364B7906F890}.Release|Win32.Build.0 = Release|Win32
	EndGlobalSection
	GlobalSection(SolutionProperties) = preSolution
		HideSolutionNode = FALSE
	EndGlobalSection
EndGlobal
