
Microsoft Visual Studio Solution File, Format Version 10.00
# Visual C++ Express 2008
Project("{8BC9CEB8-8B4A-11D0-8D11-00A0C91BC942}") = "042414MorePointers", "042414MorePointers\042414MorePointers.vcproj", "{D968DFB2-FC46-4998-A244-F7D820BFA2E9}"
EndProject
Global
	GlobalSection(SolutionConfigurationPlatforms) = preSolution
		Debug|Win32 = Debug|Win32
		Release|Win32 = Release|Win32
	EndGlobalSection
	GlobalSection(ProjectConfigurationPlatforms) = postSolution
		{D968DFB2-FC46-4998-A244-F7D820BFA2E9}.Debug|Win32.ActiveCfg = Debug|Win32
		{D968DFB2-FC46-4998-A244-F7D820BFA2E9}.Debug|Win32.Build.0 = Debug|Win32
		{D968DFB2-FC46-4998-A244-F7D820BFA2E9}.Release|Win32.ActiveCfg = Release|Win32
		{D968DFB2-FC46-4998-A244-F7D820BFA2E9}.Release|Win32.Build.0 = Release|Win32
	EndGlobalSection
	GlobalSection(SolutionProperties) = preSolution
		HideSolutionNode = FALSE
	EndGlobalSection
EndGlobal
