
Microsoft Visual Studio Solution File, Format Version 10.00
# Visual C++ Express 2008
Project("{8BC9CEB8-8B4A-11D0-8D11-00A0C91BC942}") = "030414Homework3", "030414Homework3\030414Homework3.vcproj", "{AF0B0D59-11A8-4CCD-9A92-ED797E99D8FE}"
EndProject
Global
	GlobalSection(SolutionConfigurationPlatforms) = preSolution
		Debug|Win32 = Debug|Win32
		Release|Win32 = Release|Win32
	EndGlobalSection
	GlobalSection(ProjectConfigurationPlatforms) = postSolution
		{AF0B0D59-11A8-4CCD-9A92-ED797E99D8FE}.Debug|Win32.ActiveCfg = Debug|Win32
		{AF0B0D59-11A8-4CCD-9A92-ED797E99D8FE}.Debug|Win32.Build.0 = Debug|Win32
		{AF0B0D59-11A8-4CCD-9A92-ED797E99D8FE}.Release|Win32.ActiveCfg = Release|Win32
		{AF0B0D59-11A8-4CCD-9A92-ED797E99D8FE}.Release|Win32.Build.0 = Release|Win32
	EndGlobalSection
	GlobalSection(SolutionProperties) = preSolution
		HideSolutionNode = FALSE
	EndGlobalSection
EndGlobal
