
Microsoft Visual Studio Solution File, Format Version 10.00
# Visual C++ Express 2008
Project("{8BC9CEB8-8B4A-11D0-8D11-00A0C91BC942}") = "022514BreakStatement", "022514BreakStatement\022514BreakStatement.vcproj", "{5EFB99EE-1939-4D2F-9024-0C6D3DD48832}"
EndProject
Global
	GlobalSection(SolutionConfigurationPlatforms) = preSolution
		Debug|Win32 = Debug|Win32
		Release|Win32 = Release|Win32
	EndGlobalSection
	GlobalSection(ProjectConfigurationPlatforms) = postSolution
		{5EFB99EE-1939-4D2F-9024-0C6D3DD48832}.Debug|Win32.ActiveCfg = Debug|Win32
		{5EFB99EE-1939-4D2F-9024-0C6D3DD48832}.Debug|Win32.Build.0 = Debug|Win32
		{5EFB99EE-1939-4D2F-9024-0C6D3DD48832}.Release|Win32.ActiveCfg = Release|Win32
		{5EFB99EE-1939-4D2F-9024-0C6D3DD48832}.Release|Win32.Build.0 = Release|Win32
	EndGlobalSection
	GlobalSection(SolutionProperties) = preSolution
		HideSolutionNode = FALSE
	EndGlobalSection
EndGlobal
