
Microsoft Visual Studio Solution File, Format Version 10.00
# Visual C++ Express 2008
Project("{8BC9CEB8-8B4A-11D0-8D11-00A0C91BC942}") = "050714Homework11", "050714Homework11\050714Homework11.vcproj", "{8AB9D74C-B44B-452B-975C-23A7AAD3E6C3}"
EndProject
Global
	GlobalSection(SolutionConfigurationPlatforms) = preSolution
		Debug|Win32 = Debug|Win32
		Release|Win32 = Release|Win32
	EndGlobalSection
	GlobalSection(ProjectConfigurationPlatforms) = postSolution
		{8AB9D74C-B44B-452B-975C-23A7AAD3E6C3}.Debug|Win32.ActiveCfg = Debug|Win32
		{8AB9D74C-B44B-452B-975C-23A7AAD3E6C3}.Debug|Win32.Build.0 = Debug|Win32
		{8AB9D74C-B44B-452B-975C-23A7AAD3E6C3}.Release|Win32.ActiveCfg = Release|Win32
		{8AB9D74C-B44B-452B-975C-23A7AAD3E6C3}.Release|Win32.Build.0 = Release|Win32
	EndGlobalSection
	GlobalSection(SolutionProperties) = preSolution
		HideSolutionNode = FALSE
	EndGlobalSection
EndGlobal
