
Microsoft Visual Studio Solution File, Format Version 10.00
# Visual C++ Express 2008
Project("{8BC9CEB8-8B4A-11D0-8D11-00A0C91BC942}") = "041714ArraysandResistors", "041714ArraysandResistors\041714ArraysandResistors.vcproj", "{C27A83C6-3114-4524-A6ED-F372B03821DA}"
EndProject
Global
	GlobalSection(SolutionConfigurationPlatforms) = preSolution
		Debug|Win32 = Debug|Win32
		Release|Win32 = Release|Win32
	EndGlobalSection
	GlobalSection(ProjectConfigurationPlatforms) = postSolution
		{C27A83C6-3114-4524-A6ED-F372B03821DA}.Debug|Win32.ActiveCfg = Debug|Win32
		{C27A83C6-3114-4524-A6ED-F372B03821DA}.Debug|Win32.Build.0 = Debug|Win32
		{C27A83C6-3114-4524-A6ED-F372B03821DA}.Release|Win32.ActiveCfg = Release|Win32
		{C27A83C6-3114-4524-A6ED-F372B03821DA}.Release|Win32.Build.0 = Release|Win32
	EndGlobalSection
	GlobalSection(SolutionProperties) = preSolution
		HideSolutionNode = FALSE
	EndGlobalSection
EndGlobal
