
Microsoft Visual Studio Solution File, Format Version 10.00
# Visual C++ Express 2008
Project("{8BC9CEB8-8B4A-11D0-8D11-00A0C91BC942}") = "021114BasicTest", "021114BasicTest\021114BasicTest.vcproj", "{4E3A0C31-0EAD-4CA9-9D5F-622860DFC524}"
EndProject
Global
	GlobalSection(SolutionConfigurationPlatforms) = preSolution
		Debug|Win32 = Debug|Win32
		Release|Win32 = Release|Win32
	EndGlobalSection
	GlobalSection(ProjectConfigurationPlatforms) = postSolution
		{4E3A0C31-0EAD-4CA9-9D5F-622860DFC524}.Debug|Win32.ActiveCfg = Debug|Win32
		{4E3A0C31-0EAD-4CA9-9D5F-622860DFC524}.Debug|Win32.Build.0 = Debug|Win32
		{4E3A0C31-0EAD-4CA9-9D5F-622860DFC524}.Release|Win32.ActiveCfg = Release|Win32
		{4E3A0C31-0EAD-4CA9-9D5F-622860DFC524}.Release|Win32.Build.0 = Release|Win32
	EndGlobalSection
	GlobalSection(SolutionProperties) = preSolution
		HideSolutionNode = FALSE
	EndGlobalSection
EndGlobal
