
Microsoft Visual Studio Solution File, Format Version 10.00
# Visual C++ Express 2008
Project("{8BC9CEB8-8B4A-11D0-8D11-00A0C91BC942}") = "091814Homework1", "091814Homework1\091814Homework1.vcproj", "{76E63701-CD16-4239-B140-3C06667FACF6}"
EndProject
Global
	GlobalSection(SolutionConfigurationPlatforms) = preSolution
		Debug|Win32 = Debug|Win32
		Release|Win32 = Release|Win32
	EndGlobalSection
	GlobalSection(ProjectConfigurationPlatforms) = postSolution
		{76E63701-CD16-4239-B140-3C06667FACF6}.Debug|Win32.ActiveCfg = Debug|Win32
		{76E63701-CD16-4239-B140-3C06667FACF6}.Debug|Win32.Build.0 = Debug|Win32
		{76E63701-CD16-4239-B140-3C06667FACF6}.Release|Win32.ActiveCfg = Release|Win32
		{76E63701-CD16-4239-B140-3C06667FACF6}.Release|Win32.Build.0 = Release|Win32
	EndGlobalSection
	GlobalSection(SolutionProperties) = preSolution
		HideSolutionNode = FALSE
	EndGlobalSection
EndGlobal
