
Microsoft Visual Studio Solution File, Format Version 10.00
# Visual C++ Express 2008
Project("{8BC9CEB8-8B4A-11D0-8D11-00A0C91BC942}") = "040114CallFunctionsSinCosTan", "040114CallFunctionsSinCosTan\040114CallFunctionsSinCosTan.vcproj", "{9A9F6723-A6C4-4BB4-B294-A93280852D44}"
EndProject
Global
	GlobalSection(SolutionConfigurationPlatforms) = preSolution
		Debug|Win32 = Debug|Win32
		Release|Win32 = Release|Win32
	EndGlobalSection
	GlobalSection(ProjectConfigurationPlatforms) = postSolution
		{9A9F6723-A6C4-4BB4-B294-A93280852D44}.Debug|Win32.ActiveCfg = Debug|Win32
		{9A9F6723-A6C4-4BB4-B294-A93280852D44}.Debug|Win32.Build.0 = Debug|Win32
		{9A9F6723-A6C4-4BB4-B294-A93280852D44}.Release|Win32.ActiveCfg = Release|Win32
		{9A9F6723-A6C4-4BB4-B294-A93280852D44}.Release|Win32.Build.0 = Release|Win32
	EndGlobalSection
	GlobalSection(SolutionProperties) = preSolution
		HideSolutionNode = FALSE
	EndGlobalSection
EndGlobal
