
Microsoft Visual Studio Solution File, Format Version 10.00
# Visual C++ Express 2008
Project("{8BC9CEB8-8B4A-11D0-8D11-00A0C91BC942}") = "093014Homework2B", "093014Homework2B\093014Homework2B.vcproj", "{D610D574-CB1D-4A92-BC7B-E0DD46FD5D3A}"
EndProject
Global
	GlobalSection(SolutionConfigurationPlatforms) = preSolution
		Debug|Win32 = Debug|Win32
		Release|Win32 = Release|Win32
	EndGlobalSection
	GlobalSection(ProjectConfigurationPlatforms) = postSolution
		{D610D574-CB1D-4A92-BC7B-E0DD46FD5D3A}.Debug|Win32.ActiveCfg = Debug|Win32
		{D610D574-CB1D-4A92-BC7B-E0DD46FD5D3A}.Debug|Win32.Build.0 = Debug|Win32
		{D610D574-CB1D-4A92-BC7B-E0DD46FD5D3A}.Release|Win32.ActiveCfg = Release|Win32
		{D610D574-CB1D-4A92-BC7B-E0DD46FD5D3A}.Release|Win32.Build.0 = Release|Win32
	EndGlobalSection
	GlobalSection(SolutionProperties) = preSolution
		HideSolutionNode = FALSE
	EndGlobalSection
EndGlobal
