
Microsoft Visual Studio Solution File, Format Version 10.00
# Visual C++ Express 2008
Project("{8BC9CEB8-8B4A-11D0-8D11-00A0C91BC942}") = "042914SummingArrays", "042914SummingArrays\042914SummingArrays.vcproj", "{192C83E2-A6F3-43FE-A5D8-FBA828A2DBDC}"
EndProject
Global
	GlobalSection(SolutionConfigurationPlatforms) = preSolution
		Debug|Win32 = Debug|Win32
		Release|Win32 = Release|Win32
	EndGlobalSection
	GlobalSection(ProjectConfigurationPlatforms) = postSolution
		{192C83E2-A6F3-43FE-A5D8-FBA828A2DBDC}.Debug|Win32.ActiveCfg = Debug|Win32
		{192C83E2-A6F3-43FE-A5D8-FBA828A2DBDC}.Debug|Win32.Build.0 = Debug|Win32
		{192C83E2-A6F3-43FE-A5D8-FBA828A2DBDC}.Release|Win32.ActiveCfg = Release|Win32
		{192C83E2-A6F3-43FE-A5D8-FBA828A2DBDC}.Release|Win32.Build.0 = Release|Win32
	EndGlobalSection
	GlobalSection(SolutionProperties) = preSolution
		HideSolutionNode = FALSE
	EndGlobalSection
EndGlobal
